
Microsoft Visual Studio Solution File, Format Version 12.00
# Visual Studio Version 17
VisualStudioVersion = 17.0.32126.317
MinimumVisualStudioVersion = 10.0.40219.1
Project("{FAE04EC0-301F-11D3-BF4B-00C04F79EFBC}") = "GitTestDemo", "GitTestDemo.csproj", "{4AE4F624-C267-41F1-AB5D-404C63E04723}"
EndProject
Project("{2150E333-8FDC-42A3-9474-1A3956D46DE8}") = "Solution Items", "Solution Items", "{6FAFE1BC-0B7D-49F7-B8BD-733D62EB37F3}"
	ProjectSection(SolutionItems) = preProject
		.gitignore = .gitignore
	EndProjectSection
EndProject
Global
	GlobalSection(SolutionConfigurationPlatforms) = preSolution
		Debug|Any CPU = Debug|Any CPU
		Release|Any CPU = Release|Any CPU
	EndGlobalSection
	GlobalSection(ProjectConfigurationPlatforms) = postSolution
		{4AE4F624-C267-41F1-AB5D-404C63E04723}.Debug|Any CPU.ActiveCfg = Debug|Any CPU
		{4AE4F624-C267-41F1-AB5D-404C63E04723}.Debug|Any CPU.Build.0 = Debug|Any CPU
		{4AE4F624-C267-41F1-AB5D-404C63E04723}.Release|Any CPU.ActiveCfg = Release|Any CPU
		{4AE4F624-C267-41F1-AB5D-404C63E04723}.Release|Any CPU.Build.0 = Release|Any CPU
	EndGlobalSection
	GlobalSection(SolutionProperties) = preSolution
		HideSolutionNode = FALSE
	EndGlobalSection
	GlobalSection(ExtensibilityGlobals) = postSolution
		SolutionGuid = {E6820F6D-D0C0-4681-8B76-5F1414AB3D6F}
	EndGlobalSection
EndGlobal
